
Microsoft Visual Studio Solution File, Format Version 12.00
# Visual Studio Version 17
VisualStudioVersion = 17.11.35219.272
MinimumVisualStudioVersion = 10.0.40219.1
Project("{FAE04EC0-301F-11D3-BF4B-00C04F79EFBC}") = "TicketSystem", "hope\TicketSystem.csproj", "{F91B3A67-73AC-497F-83CB-695DEF206AD4}"
EndProject
Project("{9A19103F-16F7-4668-BE54-9A1E7A4F7556}") = "Utility", "Utility\Utility.csproj", "{6AE28577-156F-4EEE-995C-40D85506A152}"
EndProject
Global
	GlobalSection(SolutionConfigurationPlatforms) = preSolution
		Debug|Any CPU = Debug|Any CPU
		Release|Any CPU = Release|Any CPU
	EndGlobalSection
	GlobalSection(ProjectConfigurationPlatforms) = postSolution
		{F91B3A67-73AC-497F-83CB-695DEF206AD4}.Debug|Any CPU.ActiveCfg = Debug|Any CPU
		{F91B3A67-73AC-497F-83CB-695DEF206AD4}.Debug|Any CPU.Build.0 = Debug|Any CPU
		{F91B3A67-73AC-497F-83CB-695DEF206AD4}.Release|Any CPU.ActiveCfg = Release|Any CPU
		{F91B3A67-73AC-497F-83CB-695DEF206AD4}.Release|Any CPU.Build.0 = Release|Any CPU
		{6AE28577-156F-4EEE-995C-40D85506A152}.Debug|Any CPU.ActiveCfg = Debug|Any CPU
		{6AE28577-156F-4EEE-995C-40D85506A152}.Debug|Any CPU.Build.0 = Debug|Any CPU
		{6AE28577-156F-4EEE-995C-40D85506A152}.Release|Any CPU.ActiveCfg = Release|Any CPU
		{6AE28577-156F-4EEE-995C-40D85506A152}.Release|Any CPU.Build.0 = Release|Any CPU
	EndGlobalSection
	GlobalSection(SolutionProperties) = preSolution
		HideSolutionNode = FALSE
	EndGlobalSection
	GlobalSection(ExtensibilityGlobals) = postSolution
		SolutionGuid = {32FDF330-3637-43F9-BBD3-0D8A3484A6BC}
	EndGlobalSection
EndGlobal
